// !$*UTF8*$!
{
	archiveVersion = 1;
	classes = {
	};
	objectVersion = 56;
	objects = {

/* Begin PBXBuildFile section */
		85D6A5E5290EDE0D00D49C56 /* MultiplatformMusicApp.swift in Sources */ = {isa = PBXBuildFile; fileRef = 85D6A5E4290EDE0D00D49C56 /* MultiplatformMusicApp.swift */; };
		85D6A5E7290EDE0D00D49C56 /* EntryView.swift in Sources */ = {isa = PBXBuildFile; fileRef = 85D6A5E6290EDE0D00D49C56 /* EntryView.swift */; };
		85D6A5E9290EDE0D00D49C56 /* Assets.xcassets in Resources */ = {isa = PBXBuildFile; fileRef = 85D6A5E8290EDE0D00D49C56 /* Assets.xcassets */; };
		85D6A5ED290EDE0D00D49C56 /* Preview Assets.xcassets in Resources */ = {isa = PBXBuildFile; fileRef = 85D6A5EC290EDE0D00D49C56 /* Preview Assets.xcassets */; };
		85D6A5F7290EDEC100D49C56 /* MusicEntry.swift in Sources */ = {isa = PBXBuildFile; fileRef = 85D6A5F6290EDEC100D49C56 /* MusicEntry.swift */; };
		85D6A5F9290EDF9200D49C56 /* Playlist.swift in Sources */ = {isa = PBXBuildFile; fileRef = 85D6A5F8290EDF9200D49C56 /* Playlist.swift */; };
		85D6A5FB290EDFF300D49C56 /* PlaylistsViewModel.swift in Sources */ = {isa = PBXBuildFile; fileRef = 85D6A5FA290EDFF300D49C56 /* PlaylistsViewModel.swift */; };
		85D6A5FD290EE0A100D49C56 /* SuggestedContentViewModel.swift in Sources */ = {isa = PBXBuildFile; fileRef = 85D6A5FC290EE0A100D49C56 /* SuggestedContentViewModel.swift */; };
		85D6A5FF290EE0C600D49C56 /* NewMusicViewModel.swift in Sources */ = {isa = PBXBuildFile; fileRef = 85D6A5FE290EE0C600D49C56 /* NewMusicViewModel.swift */; };
		85D6A601290EE12500D49C56 /* PreOrderViewModel.swift in Sources */ = {isa = PBXBuildFile; fileRef = 85D6A600290EE12500D49C56 /* PreOrderViewModel.swift */; };
		85D6A603290EE21100D49C56 /* TabBarView.swift in Sources */ = {isa = PBXBuildFile; fileRef = 85D6A602290EE21100D49C56 /* TabBarView.swift */; };
		85D6A606290EE24700D49C56 /* LibraryView.swift in Sources */ = {isa = PBXBuildFile; fileRef = 85D6A605290EE24700D49C56 /* LibraryView.swift */; };
		85D6A609290EE5CD00D49C56 /* AppleMusicButton.swift in Sources */ = {isa = PBXBuildFile; fileRef = 85D6A608290EE5CD00D49C56 /* AppleMusicButton.swift */; };
		85D6A60B290EE61D00D49C56 /* SectionHeaderView.swift in Sources */ = {isa = PBXBuildFile; fileRef = 85D6A60A290EE61D00D49C56 /* SectionHeaderView.swift */; };
		85D6A60D290EE68700D49C56 /* MusicEntryCellView.swift in Sources */ = {isa = PBXBuildFile; fileRef = 85D6A60C290EE68700D49C56 /* MusicEntryCellView.swift */; };
		85D6A610290EE81F00D49C56 /* CurrentSongView.swift in Sources */ = {isa = PBXBuildFile; fileRef = 85D6A60F290EE81F00D49C56 /* CurrentSongView.swift */; };
		85D6A612290EE88D00D49C56 /* SuggestedContentCellView.swift in Sources */ = {isa = PBXBuildFile; fileRef = 85D6A611290EE88D00D49C56 /* SuggestedContentCellView.swift */; };
		85D6A614290EEB5200D49C56 /* SuggestedContentView.swift in Sources */ = {isa = PBXBuildFile; fileRef = 85D6A613290EEB5200D49C56 /* SuggestedContentView.swift */; };
		85D6A616290EEBC600D49C56 /* PlaylistsView.swift in Sources */ = {isa = PBXBuildFile; fileRef = 85D6A615290EEBC600D49C56 /* PlaylistsView.swift */; };
		85D6A618290EEC2400D49C56 /* NewMusicView.swift in Sources */ = {isa = PBXBuildFile; fileRef = 85D6A617290EEC2400D49C56 /* NewMusicView.swift */; };
		85D6A61A290EED4400D49C56 /* PreOrdersView.swift in Sources */ = {isa = PBXBuildFile; fileRef = 85D6A619290EED4400D49C56 /* PreOrdersView.swift */; };
		85D6A61C290EEEB200D49C56 /* SideBarView.swift in Sources */ = {isa = PBXBuildFile; fileRef = 85D6A61B290EEEB200D49C56 /* SideBarView.swift */; };
		85D6A624290EFC4600D49C56 /* WatchOSMusicApp.swift in Sources */ = {isa = PBXBuildFile; fileRef = 85D6A623290EFC4600D49C56 /* WatchOSMusicApp.swift */; };
		85D6A626290EFC4600D49C56 /* WatchEntryView.swift in Sources */ = {isa = PBXBuildFile; fileRef = 85D6A625290EFC4600D49C56 /* WatchEntryView.swift */; };
		85D6A62B290EFC4700D49C56 /* Preview Assets.xcassets in Resources */ = {isa = PBXBuildFile; fileRef = 85D6A62A290EFC4700D49C56 /* Preview Assets.xcassets */; };
		85D6A632290EFE1A00D49C56 /* WatchSegmentedButton.swift in Sources */ = {isa = PBXBuildFile; fileRef = 85D6A631290EFE1A00D49C56 /* WatchSegmentedButton.swift */; };
		85D6A634290EFE4600D49C56 /* WatchButton.swift in Sources */ = {isa = PBXBuildFile; fileRef = 85D6A633290EFE4600D49C56 /* WatchButton.swift */; };
		85D6A63F290EFF1D00D49C56 /* MusicEntry.swift in Sources */ = {isa = PBXBuildFile; fileRef = 85D6A5F6290EDEC100D49C56 /* MusicEntry.swift */; };
		85D6A640290EFF2000D49C56 /* Playlist.swift in Sources */ = {isa = PBXBuildFile; fileRef = 85D6A5F8290EDF9200D49C56 /* Playlist.swift */; };
		85D6A641290EFF2600D49C56 /* PreOrderViewModel.swift in Sources */ = {isa = PBXBuildFile; fileRef = 85D6A600290EE12500D49C56 /* PreOrderViewModel.swift */; };
		85D6A642290EFF2600D49C56 /* SuggestedContentViewModel.swift in Sources */ = {isa = PBXBuildFile; fileRef = 85D6A5FC290EE0A100D49C56 /* SuggestedContentViewModel.swift */; };
		85D6A643290EFF2600D49C56 /* PlaylistsViewModel.swift in Sources */ = {isa = PBXBuildFile; fileRef = 85D6A5FA290EDFF300D49C56 /* PlaylistsViewModel.swift */; };
		85D6A644290EFF2600D49C56 /* NewMusicViewModel.swift in Sources */ = {isa = PBXBuildFile; fileRef = 85D6A5FE290EE0C600D49C56 /* NewMusicViewModel.swift */; };
		85D6A645290F003C00D49C56 /* Assets.xcassets in Resources */ = {isa = PBXBuildFile; fileRef = 85D6A5E8290EDE0D00D49C56 /* Assets.xcassets */; };
/* End PBXBuildFile section */

/* Begin PBXFileReference section */
		85D6A5E1290EDE0D00D49C56 /* MultiplatformMusic.app */ = {isa = PBXFileReference; explicitFileType = wrapper.application; includeInIndex = 0; path = MultiplatformMusic.app; sourceTree = BUILT_PRODUCTS_DIR; };
		85D6A5E4290EDE0D00D49C56 /* MultiplatformMusicApp.swift */ = {isa = PBXFileReference; lastKnownFileType = sourcecode.swift; path = MultiplatformMusicApp.swift; sourceTree = "<group>"; };
		85D6A5E6290EDE0D00D49C56 /* EntryView.swift */ = {isa = PBXFileReference; lastKnownFileType = sourcecode.swift; path = EntryView.swift; sourceTree = "<group>"; };
		85D6A5E8290EDE0D00D49C56 /* Assets.xcassets */ = {isa = PBXFileReference; lastKnownFileType = folder.assetcatalog; path = Assets.xcassets; sourceTree = "<group>"; };
		85D6A5EA290EDE0D00D49C56 /* MultiplatformMusic.entitlements */ = {isa = PBXFileReference; lastKnownFileType = text.plist.entitlements; path = MultiplatformMusic.entitlements; sourceTree = "<group>"; };
		85D6A5EC290EDE0D00D49C56 /* Preview Assets.xcassets */ = {isa = PBXFileReference; lastKnownFileType = folder.assetcatalog; path = "Preview Assets.xcassets"; sourceTree = "<group>"; };
		85D6A5F6290EDEC100D49C56 /* MusicEntry.swift */ = {isa = PBXFileReference; lastKnownFileType = sourcecode.swift; path = MusicEntry.swift; sourceTree = "<group>"; };
		85D6A5F8290EDF9200D49C56 /* Playlist.swift */ = {isa = PBXFileReference; lastKnownFileType = sourcecode.swift; path = Playlist.swift; sourceTree = "<group>"; };
		85D6A5FA290EDFF300D49C56 /* PlaylistsViewModel.swift */ = {isa = PBXFileReference; lastKnownFileType = sourcecode.swift; path = PlaylistsViewModel.swift; sourceTree = "<group>"; };
		85D6A5FC290EE0A100D49C56 /* SuggestedContentViewModel.swift */ = {isa = PBXFileReference; lastKnownFileType = sourcecode.swift; path = SuggestedContentViewModel.swift; sourceTree = "<group>"; };
		85D6A5FE290EE0C600D49C56 /* NewMusicViewModel.swift */ = {isa = PBXFileReference; lastKnownFileType = sourcecode.swift; path = NewMusicViewModel.swift; sourceTree = "<group>"; };
		85D6A600290EE12500D49C56 /* PreOrderViewModel.swift */ = {isa = PBXFileReference; lastKnownFileType = sourcecode.swift; path = PreOrderViewModel.swift; sourceTree = "<group>"; };
		85D6A602290EE21100D49C56 /* TabBarView.swift */ = {isa = PBXFileReference; lastKnownFileType = sourcecode.swift; path = TabBarView.swift; sourceTree = "<group>"; };
		85D6A605290EE24700D49C56 /* LibraryView.swift */ = {isa = PBXFileReference; lastKnownFileType = sourcecode.swift; path = LibraryView.swift; sourceTree = "<group>"; };
		85D6A608290EE5CD00D49C56 /* AppleMusicButton.swift */ = {isa = PBXFileReference; lastKnownFileType = sourcecode.swift; path = AppleMusicButton.swift; sourceTree = "<group>"; };
		85D6A60A290EE61D00D49C56 /* SectionHeaderView.swift */ = {isa = PBXFileReference; lastKnownFileType = sourcecode.swift; path = SectionHeaderView.swift; sourceTree = "<group>"; };
		85D6A60C290EE68700D49C56 /* MusicEntryCellView.swift */ = {isa = PBXFileReference; lastKnownFileType = sourcecode.swift; path = MusicEntryCellView.swift; sourceTree = "<group>"; };
		85D6A60F290EE81F00D49C56 /* CurrentSongView.swift */ = {isa = PBXFileReference; lastKnownFileType = sourcecode.swift; path = CurrentSongView.swift; sourceTree = "<group>"; };
		85D6A611290EE88D00D49C56 /* SuggestedContentCellView.swift */ = {isa = PBXFileReference; lastKnownFileType = sourcecode.swift; path = SuggestedContentCellView.swift; sourceTree = "<group>"; };
		85D6A613290EEB5200D49C56 /* SuggestedContentView.swift */ = {isa = PBXFileReference; lastKnownFileType = sourcecode.swift; path = SuggestedContentView.swift; sourceTree = "<group>"; };
		85D6A615290EEBC600D49C56 /* PlaylistsView.swift */ = {isa = PBXFileReference; lastKnownFileType = sourcecode.swift; path = PlaylistsView.swift; sourceTree = "<group>"; };
		85D6A617290EEC2400D49C56 /* NewMusicView.swift */ = {isa = PBXFileReference; lastKnownFileType = sourcecode.swift; path = NewMusicView.swift; sourceTree = "<group>"; };
		85D6A619290EED4400D49C56 /* PreOrdersView.swift */ = {isa = PBXFileReference; lastKnownFileType = sourcecode.swift; path = PreOrdersView.swift; sourceTree = "<group>"; };
		85D6A61B290EEEB200D49C56 /* SideBarView.swift */ = {isa = PBXFileReference; lastKnownFileType = sourcecode.swift; path = SideBarView.swift; sourceTree = "<group>"; };
		85D6A621290EFC4600D49C56 /* WatchOSMusic Watch App.app */ = {isa = PBXFileReference; explicitFileType = wrapper.application; includeInIndex = 0; path = "WatchOSMusic Watch App.app"; sourceTree = BUILT_PRODUCTS_DIR; };
		85D6A623290EFC4600D49C56 /* WatchOSMusicApp.swift */ = {isa = PBXFileReference; lastKnownFileType = sourcecode.swift; path = WatchOSMusicApp.swift; sourceTree = "<group>"; };
		85D6A625290EFC4600D49C56 /* WatchEntryView.swift */ = {isa = PBXFileReference; lastKnownFileType = sourcecode.swift; path = WatchEntryView.swift; sourceTree = "<group>"; };
		85D6A62A290EFC4700D49C56 /* Preview Assets.xcassets */ = {isa = PBXFileReference; lastKnownFileType = folder.assetcatalog; path = "Preview Assets.xcassets"; sourceTree = "<group>"; };
		85D6A631290EFE1A00D49C56 /* WatchSegmentedButton.swift */ = {isa = PBXFileReference; lastKnownFileType = sourcecode.swift; path = WatchSegmentedButton.swift; sourceTree = "<group>"; };
		85D6A633290EFE4600D49C56 /* WatchButton.swift */ = {isa = PBXFileReference; lastKnownFileType = sourcecode.swift; path = WatchButton.swift; sourceTree = "<group>"; };
/* End PBXFileReference section */

/* Begin PBXFrameworksBuildPhase section */
		85D6A5DE290EDE0D00D49C56 /* Frameworks */ = {
			isa = PBXFrameworksBuildPhase;
			buildActionMask = 2147483647;
			files = (
			);
			runOnlyForDeploymentPostprocessing = 0;
		};
		85D6A61E290EFC4600D49C56 /* Frameworks */ = {
			isa = PBXFrameworksBuildPhase;
			buildActionMask = 2147483647;
			files = (
			);
			runOnlyForDeploymentPostprocessing = 0;
		};
/* End PBXFrameworksBuildPhase section */

/* Begin PBXGroup section */
		85D6A5D8290EDE0D00D49C56 = {
			isa = PBXGroup;
			children = (
				85D6A5E3290EDE0D00D49C56 /* MultiplatformMusic */,
				85D6A622290EFC4600D49C56 /* WatchOSMusic Watch App */,
				85D6A5E2290EDE0D00D49C56 /* Products */,
			);
			sourceTree = "<group>";
		};
		85D6A5E2290EDE0D00D49C56 /* Products */ = {
			isa = PBXGroup;
			children = (
				85D6A5E1290EDE0D00D49C56 /* MultiplatformMusic.app */,
				85D6A621290EFC4600D49C56 /* WatchOSMusic Watch App.app */,
			);
			name = Products;
			sourceTree = "<group>";
		};
		85D6A5E3290EDE0D00D49C56 /* MultiplatformMusic */ = {
			isa = PBXGroup;
			children = (
				85D6A5E4290EDE0D00D49C56 /* MultiplatformMusicApp.swift */,
				85D6A5F3290EDE5700D49C56 /* Model */,
				85D6A5F4290EDE5B00D49C56 /* ViewModels */,
				85D6A5F5290EDE6700D49C56 /* Views */,
				85D6A5E8290EDE0D00D49C56 /* Assets.xcassets */,
				85D6A5EA290EDE0D00D49C56 /* MultiplatformMusic.entitlements */,
				85D6A5EB290EDE0D00D49C56 /* Preview Content */,
			);
			path = MultiplatformMusic;
			sourceTree = "<group>";
		};
		85D6A5EB290EDE0D00D49C56 /* Preview Content */ = {
			isa = PBXGroup;
			children = (
				85D6A5EC290EDE0D00D49C56 /* Preview Assets.xcassets */,
			);
			path = "Preview Content";
			sourceTree = "<group>";
		};
		85D6A5F3290EDE5700D49C56 /* Model */ = {
			isa = PBXGroup;
			children = (
				85D6A5F6290EDEC100D49C56 /* MusicEntry.swift */,
				85D6A5F8290EDF9200D49C56 /* Playlist.swift */,
			);
			path = Model;
			sourceTree = "<group>";
		};
		85D6A5F4290EDE5B00D49C56 /* ViewModels */ = {
			isa = PBXGroup;
			children = (
				85D6A5FA290EDFF300D49C56 /* PlaylistsViewModel.swift */,
				85D6A5FC290EE0A100D49C56 /* SuggestedContentViewModel.swift */,
				85D6A5FE290EE0C600D49C56 /* NewMusicViewModel.swift */,
				85D6A600290EE12500D49C56 /* PreOrderViewModel.swift */,
			);
			path = ViewModels;
			sourceTree = "<group>";
		};
		85D6A5F5290EDE6700D49C56 /* Views */ = {
			isa = PBXGroup;
			children = (
				85D6A5E6290EDE0D00D49C56 /* EntryView.swift */,
				85D6A602290EE21100D49C56 /* TabBarView.swift */,
				85D6A61B290EEEB200D49C56 /* SideBarView.swift */,
				85D6A604290EE23100D49C56 /* LibraryViews */,
			);
			path = Views;
			sourceTree = "<group>";
		};
		85D6A604290EE23100D49C56 /* LibraryViews */ = {
			isa = PBXGroup;
			children = (
				85D6A605290EE24700D49C56 /* LibraryView.swift */,
				85D6A613290EEB5200D49C56 /* SuggestedContentView.swift */,
				85D6A615290EEBC600D49C56 /* PlaylistsView.swift */,
				85D6A617290EEC2400D49C56 /* NewMusicView.swift */,
				85D6A619290EED4400D49C56 /* PreOrdersView.swift */,
				85D6A607290EE37900D49C56 /* Utilities */,
			);
			path = LibraryViews;
			sourceTree = "<group>";
		};
		85D6A607290EE37900D49C56 /* Utilities */ = {
			isa = PBXGroup;
			children = (
				85D6A608290EE5CD00D49C56 /* AppleMusicButton.swift */,
				85D6A60A290EE61D00D49C56 /* SectionHeaderView.swift */,
				85D6A611290EE88D00D49C56 /* SuggestedContentCellView.swift */,
				85D6A60C290EE68700D49C56 /* MusicEntryCellView.swift */,
				85D6A60F290EE81F00D49C56 /* CurrentSongView.swift */,
			);
			path = Utilities;
			sourceTree = "<group>";
		};
		85D6A622290EFC4600D49C56 /* WatchOSMusic Watch App */ = {
			isa = PBXGroup;
			children = (
				85D6A623290EFC4600D49C56 /* WatchOSMusicApp.swift */,
				85D6A62F290EFDF600D49C56 /* Views */,
				85D6A629290EFC4700D49C56 /* Preview Content */,
			);
			path = "WatchOSMusic Watch App";
			sourceTree = "<group>";
		};
		85D6A629290EFC4700D49C56 /* Preview Content */ = {
			isa = PBXGroup;
			children = (
				85D6A62A290EFC4700D49C56 /* Preview Assets.xcassets */,
			);
			path = "Preview Content";
			sourceTree = "<group>";
		};
		85D6A62F290EFDF600D49C56 /* Views */ = {
			isa = PBXGroup;
			children = (
				85D6A625290EFC4600D49C56 /* WatchEntryView.swift */,
				85D6A630290EFE0200D49C56 /* Utilities */,
			);
			path = Views;
			sourceTree = "<group>";
		};
		85D6A630290EFE0200D49C56 /* Utilities */ = {
			isa = PBXGroup;
			children = (
				85D6A631290EFE1A00D49C56 /* WatchSegmentedButton.swift */,
				85D6A633290EFE4600D49C56 /* WatchButton.swift */,
			);
			path = Utilities;
			sourceTree = "<group>";
		};
/* End PBXGroup section */

/* Begin PBXNativeTarget section */
		85D6A5E0290EDE0D00D49C56 /* MultiplatformMusic */ = {
			isa = PBXNativeTarget;
			buildConfigurationList = 85D6A5F0290EDE0D00D49C56 /* Build configuration list for PBXNativeTarget "MultiplatformMusic" */;
			buildPhases = (
				85D6A5DD290EDE0D00D49C56 /* Sources */,
				85D6A5DE290EDE0D00D49C56 /* Frameworks */,
				85D6A5DF290EDE0D00D49C56 /* Resources */,
			);
			buildRules = (
			);
			dependencies = (
			);
			name = MultiplatformMusic;
			productName = MultiplatformMusic;
			productReference = 85D6A5E1290EDE0D00D49C56 /* MultiplatformMusic.app */;
			productType = "com.apple.product-type.application";
		};
		85D6A620290EFC4600D49C56 /* WatchOSMusic Watch App */ = {
			isa = PBXNativeTarget;
			buildConfigurationList = 85D6A62C290EFC4700D49C56 /* Build configuration list for PBXNativeTarget "WatchOSMusic Watch App" */;
			buildPhases = (
				85D6A61D290EFC4600D49C56 /* Sources */,
				85D6A61E290EFC4600D49C56 /* Frameworks */,
				85D6A61F290EFC4600D49C56 /* Resources */,
			);
			buildRules = (
			);
			dependencies = (
			);
			name = "WatchOSMusic Watch App";
			productName = "WatchOSMusic Watch App";
			productReference = 85D6A621290EFC4600D49C56 /* WatchOSMusic Watch App.app */;
			productType = "com.apple.product-type.application";
		};
/* End PBXNativeTarget section */

/* Begin PBXProject section */
		85D6A5D9290EDE0D00D49C56 /* Project object */ = {
			isa = PBXProject;
			attributes = {
				BuildIndependentTargetsInParallel = 1;
				LastSwiftUpdateCheck = 1400;
				LastUpgradeCheck = 1410;
				TargetAttributes = {
					85D6A5E0290EDE0D00D49C56 = {
						CreatedOnToolsVersion = 14.0;
					};
					85D6A620290EFC4600D49C56 = {
						CreatedOnToolsVersion = 14.0;
					};
				};
			};
			buildConfigurationList = 85D6A5DC290EDE0D00D49C56 /* Build configuration list for PBXProject "MultiplatformMusic" */;
			compatibilityVersion = "Xcode 14.0";
			developmentRegion = en;
			hasScannedForEncodings = 0;
			knownRegions = (
				en,
				Base,
			);
			mainGroup = 85D6A5D8290EDE0D00D49C56;
			productRefGroup = 85D6A5E2290EDE0D00D49C56 /* Products */;
			projectDirPath = "";
			projectRoot = "";
			targets = (
				85D6A5E0290EDE0D00D49C56 /* MultiplatformMusic */,
				85D6A620290EFC4600D49C56 /* WatchOSMusic Watch App */,
			);
		};
/* End PBXProject section */

/* Begin PBXResourcesBuildPhase section */
		85D6A5DF290EDE0D00D49C56 /* Resources */ = {
			isa = PBXResourcesBuildPhase;
			buildActionMask = 2147483647;
			files = (
				85D6A5ED290EDE0D00D49C56 /* Preview Assets.xcassets in Resources */,
				85D6A5E9290EDE0D00D49C56 /* Assets.xcassets in Resources */,
			);
			runOnlyForDeploymentPostprocessing = 0;
		};
		85D6A61F290EFC4600D49C56 /* Resources */ = {
			isa = PBXResourcesBuildPhase;
			buildActionMask = 2147483647;
			files = (
				85D6A62B290EFC4700D49C56 /* Preview Assets.xcassets in Resources */,
				85D6A645290F003C00D49C56 /* Assets.xcassets in Resources */,
			);
			runOnlyForDeploymentPostprocessing = 0;
		};
/* End PBXResourcesBuildPhase section */

/* Begin PBXSourcesBuildPhase section */
		85D6A5DD290EDE0D00D49C56 /* Sources */ = {
			isa = PBXSourcesBuildPhase;
			buildActionMask = 2147483647;
			files = (
				85D6A5E7290EDE0D00D49C56 /* EntryView.swift in Sources */,
				85D6A603290EE21100D49C56 /* TabBarView.swift in Sources */,
				85D6A601290EE12500D49C56 /* PreOrderViewModel.swift in Sources */,
				85D6A60D290EE68700D49C56 /* MusicEntryCellView.swift in Sources */,
				85D6A609290EE5CD00D49C56 /* AppleMusicButton.swift in Sources */,
				85D6A5F7290EDEC100D49C56 /* MusicEntry.swift in Sources */,
				85D6A616290EEBC600D49C56 /* PlaylistsView.swift in Sources */,
				85D6A614290EEB5200D49C56 /* SuggestedContentView.swift in Sources */,
				85D6A5FD290EE0A100D49C56 /* SuggestedContentViewModel.swift in Sources */,
				85D6A5FB290EDFF300D49C56 /* PlaylistsViewModel.swift in Sources */,
				85D6A612290EE88D00D49C56 /* SuggestedContentCellView.swift in Sources */,
				85D6A60B290EE61D00D49C56 /* SectionHeaderView.swift in Sources */,
				85D6A5E5290EDE0D00D49C56 /* MultiplatformMusicApp.swift in Sources */,
				85D6A61C290EEEB200D49C56 /* SideBarView.swift in Sources */,
				85D6A5FF290EE0C600D49C56 /* NewMusicViewModel.swift in Sources */,
				85D6A61A290EED4400D49C56 /* PreOrdersView.swift in Sources */,
				85D6A606290EE24700D49C56 /* LibraryView.swift in Sources */,
				85D6A618290EEC2400D49C56 /* NewMusicView.swift in Sources */,
				85D6A5F9290EDF9200D49C56 /* Playlist.swift in Sources */,
				85D6A610290EE81F00D49C56 /* CurrentSongView.swift in Sources */,
			);
			runOnlyForDeploymentPostprocessing = 0;
		};
		85D6A61D290EFC4600D49C56 /* Sources */ = {
			isa = PBXSourcesBuildPhase;
			buildActionMask = 2147483647;
			files = (
				85D6A626290EFC4600D49C56 /* WatchEntryView.swift in Sources */,
				85D6A624290EFC4600D49C56 /* WatchOSMusicApp.swift in Sources */,
				85D6A63F290EFF1D00D49C56 /* MusicEntry.swift in Sources */,
				85D6A632290EFE1A00D49C56 /* WatchSegmentedButton.swift in Sources */,
				85D6A642290EFF2600D49C56 /* SuggestedContentViewModel.swift in Sources */,
				85D6A643290EFF2600D49C56 /* PlaylistsViewModel.swift in Sources */,
				85D6A634290EFE4600D49C56 /* WatchButton.swift in Sources */,
				85D6A644290EFF2600D49C56 /* NewMusicViewModel.swift in Sources */,
				85D6A640290EFF2000D49C56 /* Playlist.swift in Sources */,
				85D6A641290EFF2600D49C56 /* PreOrderViewModel.swift in Sources */,
			);
			runOnlyForDeploymentPostprocessing = 0;
		};
/* End PBXSourcesBuildPhase section */

/* Begin XCBuildConfiguration section */
		85D6A5EE290EDE0D00D49C56 /* Debug */ = {
			isa = XCBuildConfiguration;
			buildSettings = {
				ALWAYS_SEARCH_USER_PATHS = NO;
				CLANG_ANALYZER_NONNULL = YES;
				CLANG_ANALYZER_NUMBER_OBJECT_CONVERSION = YES_AGGRESSIVE;
				CLANG_CXX_LANGUAGE_STANDARD = "gnu++20";
				CLANG_ENABLE_MODULES = YES;
				CLANG_ENABLE_OBJC_ARC = YES;
				CLANG_ENABLE_OBJC_WEAK = YES;
				CLANG_WARN_BLOCK_CAPTURE_AUTORELEASING = YES;
				CLANG_WARN_BOOL_CONVERSION = YES;
				CLANG_WARN_COMMA = YES;
				CLANG_WARN_CONSTANT_CONVERSION = YES;
				CLANG_WARN_DEPRECATED_OBJC_IMPLEMENTATIONS = YES;
				CLANG_WARN_DIRECT_OBJC_ISA_USAGE = YES_ERROR;
				CLANG_WARN_DOCUMENTATION_COMMENTS = YES;
				CLANG_WARN_EMPTY_BODY = YES;
				CLANG_WARN_ENUM_CONVERSION = YES;
				CLANG_WARN_INFINITE_RECURSION = YES;
				CLANG_WARN_INT_CONVERSION = YES;
				CLANG_WARN_NON_LITERAL_NULL_CONVERSION = YES;
				CLANG_WARN_OBJC_IMPLICIT_RETAIN_SELF = YES;
				CLANG_WARN_OBJC_LITERAL_CONVERSION = YES;
				CLANG_WARN_OBJC_ROOT_CLASS = YES_ERROR;
				CLANG_WARN_QUOTED_INCLUDE_IN_FRAMEWORK_HEADER = YES;
				CLANG_WARN_RANGE_LOOP_ANALYSIS = YES;
				CLANG_WARN_STRICT_PROTOTYPES = YES;
				CLANG_WARN_SUSPICIOUS_MOVE = YES;
				CLANG_WARN_UNGUARDED_AVAILABILITY = YES_AGGRESSIVE;
				CLANG_WARN_UNREACHABLE_CODE = YES;
				CLANG_WARN__DUPLICATE_METHOD_MATCH = YES;
				COPY_PHASE_STRIP = NO;
				DEAD_CODE_STRIPPING = YES;
				DEBUG_INFORMATION_FORMAT = dwarf;
				ENABLE_STRICT_OBJC_MSGSEND = YES;
				ENABLE_TESTABILITY = YES;
				GCC_C_LANGUAGE_STANDARD = gnu11;
				GCC_DYNAMIC_NO_PIC = NO;
				GCC_NO_COMMON_BLOCKS = YES;
				GCC_OPTIMIZATION_LEVEL = 0;
				GCC_PREPROCESSOR_DEFINITIONS = (
					"DEBUG=1",
					"$(inherited)",
				);
				GCC_WARN_64_TO_32_BIT_CONVERSION = YES;
				GCC_WARN_ABOUT_RETURN_TYPE = YES_ERROR;
				GCC_WARN_UNDECLARED_SELECTOR = YES;
				GCC_WARN_UNINITIALIZED_AUTOS = YES_AGGRESSIVE;
				GCC_WARN_UNUSED_FUNCTION = YES;
				GCC_WARN_UNUSED_VARIABLE = YES;
				MTL_ENABLE_DEBUG_INFO = INCLUDE_SOURCE;
				MTL_FAST_MATH = YES;
				ONLY_ACTIVE_ARCH = YES;
				SWIFT_ACTIVE_COMPILATION_CONDITIONS = DEBUG;
				SWIFT_OPTIMIZATION_LEVEL = "-Onone";
			};
			name = Debug;
		};
		85D6A5EF290EDE0D00D49C56 /* Release */ = {
			isa = XCBuildConfiguration;
			buildSettings = {
				ALWAYS_SEARCH_USER_PATHS = NO;
				CLANG_ANALYZER_NONNULL = YES;
				CLANG_ANALYZER_NUMBER_OBJECT_CONVERSION = YES_AGGRESSIVE;
				CLANG_CXX_LANGUAGE_STANDARD = "gnu++20";
				CLANG_ENABLE_MODULES = YES;
				CLANG_ENABLE_OBJC_ARC = YES;
				CLANG_ENABLE_OBJC_WEAK = YES;
				CLANG_WARN_BLOCK_CAPTURE_AUTORELEASING = YES;
				CLANG_WARN_BOOL_CONVERSION = YES;
				CLANG_WARN_COMMA = YES;
				CLANG_WARN_CONSTANT_CONVERSION = YES;
				CLANG_WARN_DEPRECATED_OBJC_IMPLEMENTATIONS = YES;
				CLANG_WARN_DIRECT_OBJC_ISA_USAGE = YES_ERROR;
				CLANG_WARN_DOCUMENTATION_COMMENTS = YES;
				CLANG_WARN_EMPTY_BODY = YES;
				CLANG_WARN_ENUM_CONVERSION = YES;
				CLANG_WARN_INFINITE_RECURSION = YES;
				CLANG_WARN_INT_CONVERSION = YES;
				CLANG_WARN_NON_LITERAL_NULL_CONVERSION = YES;
				CLANG_WARN_OBJC_IMPLICIT_RETAIN_SELF = YES;
				CLANG_WARN_OBJC_LITERAL_CONVERSION = YES;
				CLANG_WARN_OBJC_ROOT_CLASS = YES_ERROR;
				CLANG_WARN_QUOTED_INCLUDE_IN_FRAMEWORK_HEADER = YES;
				CLANG_WARN_RANGE_LOOP_ANALYSIS = YES;
				CLANG_WARN_STRICT_PROTOTYPES = YES;
				CLANG_WARN_SUSPICIOUS_MOVE = YES;
				CLANG_WARN_UNGUARDED_AVAILABILITY = YES_AGGRESSIVE;
				CLANG_WARN_UNREACHABLE_CODE = YES;
				CLANG_WARN__DUPLICATE_METHOD_MATCH = YES;
				COPY_PHASE_STRIP = NO;
				DEAD_CODE_STRIPPING = YES;
				DEBUG_INFORMATION_FORMAT = "dwarf-with-dsym";
				ENABLE_NS_ASSERTIONS = NO;
				ENABLE_STRICT_OBJC_MSGSEND = YES;
				GCC_C_LANGUAGE_STANDARD = gnu11;
				GCC_NO_COMMON_BLOCKS = YES;
				GCC_WARN_64_TO_32_BIT_CONVERSION = YES;
				GCC_WARN_ABOUT_RETURN_TYPE = YES_ERROR;
				GCC_WARN_UNDECLARED_SELECTOR = YES;
				GCC_WARN_UNINITIALIZED_AUTOS = YES_AGGRESSIVE;
				GCC_WARN_UNUSED_FUNCTION = YES;
				GCC_WARN_UNUSED_VARIABLE = YES;
				MTL_ENABLE_DEBUG_INFO = NO;
				MTL_FAST_MATH = YES;
				SWIFT_COMPILATION_MODE = wholemodule;
				SWIFT_OPTIMIZATION_LEVEL = "-O";
			};
			name = Release;
		};
		85D6A5F1290EDE0D00D49C56 /* Debug */ = {
			isa = XCBuildConfiguration;
			buildSettings = {
				ASSETCATALOG_COMPILER_APPICON_NAME = AppIcon;
				ASSETCATALOG_COMPILER_GLOBAL_ACCENT_COLOR_NAME = AccentColor;
				CODE_SIGN_ENTITLEMENTS = MultiplatformMusic/MultiplatformMusic.entitlements;
				CODE_SIGN_IDENTITY = "-";
				CODE_SIGN_STYLE = Automatic;
				CURRENT_PROJECT_VERSION = 1;
				DEAD_CODE_STRIPPING = YES;
				DEVELOPMENT_ASSET_PATHS = "\"MultiplatformMusic/Preview Content\"";
				DEVELOPMENT_TEAM = ZG32LJFGX2;
				ENABLE_PREVIEWS = YES;
				GENERATE_INFOPLIST_FILE = YES;
				"INFOPLIST_KEY_UIApplicationSceneManifest_Generation[sdk=iphoneos*]" = YES;
				"INFOPLIST_KEY_UIApplicationSceneManifest_Generation[sdk=iphonesimulator*]" = YES;
				"INFOPLIST_KEY_UIApplicationSupportsIndirectInputEvents[sdk=iphoneos*]" = YES;
				"INFOPLIST_KEY_UIApplicationSupportsIndirectInputEvents[sdk=iphonesimulator*]" = YES;
				"INFOPLIST_KEY_UILaunchScreen_Generation[sdk=iphoneos*]" = YES;
				"INFOPLIST_KEY_UILaunchScreen_Generation[sdk=iphonesimulator*]" = YES;
				"INFOPLIST_KEY_UIStatusBarStyle[sdk=iphoneos*]" = UIStatusBarStyleDefault;
				"INFOPLIST_KEY_UIStatusBarStyle[sdk=iphonesimulator*]" = UIStatusBarStyleDefault;
				INFOPLIST_KEY_UISupportedInterfaceOrientations_iPad = "UIInterfaceOrientationPortrait UIInterfaceOrientationPortraitUpsideDown UIInterfaceOrientationLandscapeLeft UIInterfaceOrientationLandscapeRight";
				INFOPLIST_KEY_UISupportedInterfaceOrientations_iPhone = "UIInterfaceOrientationPortrait UIInterfaceOrientationLandscapeLeft UIInterfaceOrientationLandscapeRight";
				IPHONEOS_DEPLOYMENT_TARGET = 16.0;
				LD_RUNPATH_SEARCH_PATHS = "@executable_path/Frameworks";
				"LD_RUNPATH_SEARCH_PATHS[sdk=macosx*]" = "@executable_path/../Frameworks";
				MACOSX_DEPLOYMENT_TARGET = 13.0;
				MARKETING_VERSION = 1.0;
				PRODUCT_BUNDLE_IDENTIFIER = academy.developer.MultiplatformMusic;
				PRODUCT_NAME = "$(TARGET_NAME)";
				SDKROOT = auto;
				SUPPORTED_PLATFORMS = "appletvos appletvsimulator iphoneos iphonesimulator macosx";
				SUPPORTS_MACCATALYST = NO;
				SUPPORTS_MAC_DESIGNED_FOR_IPHONE_IPAD = NO;
				SWIFT_EMIT_LOC_STRINGS = YES;
				SWIFT_VERSION = 5.0;
				TARGETED_DEVICE_FAMILY = "1,2,3";
			};
			name = Debug;
		};
		85D6A5F2290EDE0D00D49C56 /* Release */ = {
			isa = XCBuildConfiguration;
			buildSettings = {
				ASSETCATALOG_COMPILER_APPICON_NAME = AppIcon;
				ASSETCATALOG_COMPILER_GLOBAL_ACCENT_COLOR_NAME = AccentColor;
				CODE_SIGN_ENTITLEMENTS = MultiplatformMusic/MultiplatformMusic.entitlements;
				CODE_SIGN_IDENTITY = "-";
				CODE_SIGN_STYLE = Automatic;
				CURRENT_PROJECT_VERSION = 1;
				DEAD_CODE_STRIPPING = YES;
				DEVELOPMENT_ASSET_PATHS = "\"MultiplatformMusic/Preview Content\"";
				DEVELOPMENT_TEAM = ZG32LJFGX2;
				ENABLE_PREVIEWS = YES;
				GENERATE_INFOPLIST_FILE = YES;
				"INFOPLIST_KEY_UIApplicationSceneManifest_Generation[sdk=iphoneos*]" = YES;
				"INFOPLIST_KEY_UIApplicationSceneManifest_Generation[sdk=iphonesimulator*]" = YES;
				"INFOPLIST_KEY_UIApplicationSupportsIndirectInputEvents[sdk=iphoneos*]" = YES;
				"INFOPLIST_KEY_UIApplicationSupportsIndirectInputEvents[sdk=iphonesimulator*]" = YES;
				"INFOPLIST_KEY_UILaunchScreen_Generation[sdk=iphoneos*]" = YES;
				"INFOPLIST_KEY_UILaunchScreen_Generation[sdk=iphonesimulator*]" = YES;
				"INFOPLIST_KEY_UIStatusBarStyle[sdk=iphoneos*]" = UIStatusBarStyleDefault;
				"INFOPLIST_KEY_UIStatusBarStyle[sdk=iphonesimulator*]" = UIStatusBarStyleDefault;
				INFOPLIST_KEY_UISupportedInterfaceOrientations_iPad = "UIInterfaceOrientationPortrait UIInterfaceOrientationPortraitUpsideDown UIInterfaceOrientationLandscapeLeft UIInterfaceOrientationLandscapeRight";
				INFOPLIST_KEY_UISupportedInterfaceOrientations_iPhone = "UIInterfaceOrientationPortrait UIInterfaceOrientationLandscapeLeft UIInterfaceOrientationLandscapeRight";
				IPHONEOS_DEPLOYMENT_TARGET = 16.0;
				LD_RUNPATH_SEARCH_PATHS = "@executable_path/Frameworks";
				"LD_RUNPATH_SEARCH_PATHS[sdk=macosx*]" = "@executable_path/../Frameworks";
				MACOSX_DEPLOYMENT_TARGET = 13.0;
				MARKETING_VERSION = 1.0;
				PRODUCT_BUNDLE_IDENTIFIER = academy.developer.MultiplatformMusic;
				PRODUCT_NAME = "$(TARGET_NAME)";
				SDKROOT = auto;
				SUPPORTED_PLATFORMS = "appletvos appletvsimulator iphoneos iphonesimulator macosx";
				SUPPORTS_MACCATALYST = NO;
				SUPPORTS_MAC_DESIGNED_FOR_IPHONE_IPAD = NO;
				SWIFT_EMIT_LOC_STRINGS = YES;
				SWIFT_VERSION = 5.0;
				TARGETED_DEVICE_FAMILY = "1,2,3";
			};
			name = Release;
		};
		85D6A62D290EFC4700D49C56 /* Debug */ = {
			isa = XCBuildConfiguration;
			buildSettings = {
				ASSETCATALOG_COMPILER_APPICON_NAME = AppIcon;
				ASSETCATALOG_COMPILER_GLOBAL_ACCENT_COLOR_NAME = AccentColor;
				CODE_SIGN_STYLE = Automatic;
				CURRENT_PROJECT_VERSION = 1;
				DEVELOPMENT_ASSET_PATHS = "\"WatchOSMusic Watch App/Preview Content\"";
				ENABLE_PREVIEWS = YES;
				GENERATE_INFOPLIST_FILE = YES;
				INFOPLIST_KEY_CFBundleDisplayName = WatchOSMusic;
				INFOPLIST_KEY_UISupportedInterfaceOrientations = "UIInterfaceOrientationPortrait UIInterfaceOrientationPortraitUpsideDown";
				INFOPLIST_KEY_WKCompanionAppBundleIdentifier = "";
				LD_RUNPATH_SEARCH_PATHS = (
					"$(inherited)",
					"@executable_path/Frameworks",
				);
				MARKETING_VERSION = 1.0;
				PRODUCT_BUNDLE_IDENTIFIER = .watchkitapp;
				PRODUCT_NAME = "$(TARGET_NAME)";
				SDKROOT = watchos;
				SKIP_INSTALL = YES;
				SWIFT_EMIT_LOC_STRINGS = YES;
				SWIFT_VERSION = 5.0;
				TARGETED_DEVICE_FAMILY = 4;
				WATCHOS_DEPLOYMENT_TARGET = 9.0;
			};
			name = Debug;
		};
		85D6A62E290EFC4700D49C56 /* Release */ = {
			isa = XCBuildConfiguration;
			buildSettings = {
				ASSETCATALOG_COMPILER_APPICON_NAME = AppIcon;
				ASSETCATALOG_COMPILER_GLOBAL_ACCENT_COLOR_NAME = AccentColor;
				CODE_SIGN_STYLE = Automatic;
				CURRENT_PROJECT_VERSION = 1;
				DEVELOPMENT_ASSET_PATHS = "\"WatchOSMusic Watch App/Preview Content\"";
				ENABLE_PREVIEWS = YES;
				GENERATE_INFOPLIST_FILE = YES;
				INFOPLIST_KEY_CFBundleDisplayName = WatchOSMusic;
				INFOPLIST_KEY_UISupportedInterfaceOrientations = "UIInterfaceOrientationPortrait UIInterfaceOrientationPortraitUpsideDown";
				INFOPLIST_KEY_WKCompanionAppBundleIdentifier = "";
				LD_RUNPATH_SEARCH_PATHS = (
					"$(inherited)",
					"@executable_path/Frameworks",
				);
				MARKETING_VERSION = 1.0;
				PRODUCT_BUNDLE_IDENTIFIER = .watchkitapp;
				PRODUCT_NAME = "$(TARGET_NAME)";
				SDKROOT = watchos;
				SKIP_INSTALL = YES;
				SWIFT_EMIT_LOC_STRINGS = YES;
				SWIFT_VERSION = 5.0;
				TARGETED_DEVICE_FAMILY = 4;
				VALIDATE_PRODUCT = YES;
				WATCHOS_DEPLOYMENT_TARGET = 9.0;
			};
			name = Release;
		};
/* End XCBuildConfiguration section */

/* Begin XCConfigurationList section */
		85D6A5DC290EDE0D00D49C56 /* Build configuration list for PBXProject "MultiplatformMusic" */ = {
			isa = XCConfigurationList;
			buildConfigurations = (
				85D6A5EE290EDE0D00D49C56 /* Debug */,
				85D6A5EF290EDE0D00D49C56 /* Release */,
			);
			defaultConfigurationIsVisible = 0;
			defaultConfigurationName = Release;
		};
		85D6A5F0290EDE0D00D49C56 /* Build configuration list for PBXNativeTarget "MultiplatformMusic" */ = {
			isa = XCConfigurationList;
			buildConfigurations = (
				85D6A5F1290EDE0D00D49C56 /* Debug */,
				85D6A5F2290EDE0D00D49C56 /* Release */,
			);
			defaultConfigurationIsVisible = 0;
			defaultConfigurationName = Release;
		};
		85D6A62C290EFC4700D49C56 /* Build configuration list for PBXNativeTarget "WatchOSMusic Watch App" */ = {
			isa = XCConfigurationList;
			buildConfigurations = (
				85D6A62D290EFC4700D49C56 /* Debug */,
				85D6A62E290EFC4700D49C56 /* Release */,
			);
			defaultConfigurationIsVisible = 0;
			defaultConfigurationName = Release;
		};
/* End XCConfigurationList section */
	};
	rootObject = 85D6A5D9290EDE0D00D49C56 /* Project object */;
}
